<?xml version="1.0" encoding="utf-8"?>
<Project ToolsVersion="4.0" xmlns="http://schemas.microsoft.com/developer/msbuild/2003">
  <ItemGroup>
    <Filter Include="Файлы исходного кода">
      <UniqueIdentifier>{4FC737F1-C7A5-4376-A066-2A32D752A2FF}</UniqueIdentifier>
      <Extensions>cpp;c;cc;cxx;def;odl;idl;hpj;bat;asm;asmx</Extensions>
    </Filter>
  </ItemGroup>
  <ItemGroup>
    <ClCompile Include="source\KiIRAnalyzer.cpp">
      <Filter>Файлы исходного кода</Filter>
    </ClCompile>
    <ClCompile Include="source\KiIRAnalyzerResults.cpp">
      <Filter>Файлы исходного кода</Filter>
    </ClCompile>
    <ClCompile Include="source\KiIRAnalyzerSettings.cpp">
      <Filter>Файлы исходного кода</Filter>
    </ClCompile>
    <ClCompile Include="source\KiIRSimulationDataGenerator.cpp">
      <Filter>Файлы исходного кода</Filter>
    </ClCompile>
    <ClCompile Include="source\KiIR_NEC.cpp">
      <Filter>Файлы исходного кода</Filter>
    </ClCompile>
    <ClCompile Include="source\KiIR_SIRC.cpp">
      <Filter>Файлы исходного кода</Filter>
    </ClCompile>
    <ClCompile Include="source\KiIR_Protocols.cpp">
      <Filter>Файлы исходного кода</Filter>
    </ClCompile>
    <ClCompile Include="source\DebugLog.cpp">
      <Filter>Файлы исходного кода</Filter>
    </ClCompile>
    <ClCompile Include="source\KiIR_SHARP.cpp">
      <Filter>Файлы исходного кода</Filter>
    </ClCompile>
    <ClCompile Include="source\KiIR_JVC.cpp">
      <Filter>Файлы исходного кода</Filter>
    </ClCompile>
    <ClCompile Include="source\KiIR_RC5.cpp">
      <Filter>Файлы исходного кода</Filter>
    </ClCompile>
    <ClCompile Include="source\KiIR_RCA.cpp">
      <Filter>Файлы исходного кода</Filter>
    </ClCompile>
    <ClCompile Include="source\KiIR_NRC17.cpp">
      <Filter>Файлы исходного кода</Filter>
    </ClCompile>
    <ClCompile Include="source\KiIR_RC5X.cpp">
      <Filter>Файлы исходного кода</Filter>
    </ClCompile>
    <ClCompile Include="source\KiIR_SAMSUNG32.cpp">
      <Filter>Файлы исходного кода</Filter>
    </ClCompile>
    <ClCompile Include="source\KiIR_SAMSUNG48.cpp">
      <Filter>Файлы исходного кода</Filter>
    </ClCompile>
    <ClCompile Include="source\KiIR_PANASONIC.cpp">
      <Filter>Файлы исходного кода</Filter>
    </ClCompile>
    <ClCompile Include="source\KiIR_PENTAX.cpp">
      <Filter>Файлы исходного кода</Filter>
    </ClCompile>
    <ClCompile Include="source\KiIR_KATHREIN.cpp">
      <Filter>Файлы исходного кода</Filter>
    </ClCompile>
    <ClCompile Include="source\KiIR_LEGO.cpp">
      <Filter>Файлы исходного кода</Filter>
    </ClCompile>
    <ClCompile Include="source\KiIR_THOMSON.cpp">
      <Filter>Файлы исходного кода</Filter>
    </ClCompile>
    <ClCompile Include="source\KiIR_TELEFUNKEN.cpp">
      <Filter>Файлы исходного кода</Filter>
    </ClCompile>
    <ClCompile Include="source\KiIR_RCCAR.cpp">
      <Filter>Файлы исходного кода</Filter>
    </ClCompile>
    <ClCompile Include="source\KiIR_NUBERT.cpp">
      <Filter>Файлы исходного кода</Filter>
    </ClCompile>
    <ClCompile Include="source\KiIR_FAN.cpp">
      <Filter>Файлы исходного кода</Filter>
    </ClCompile>
    <ClCompile Include="source\KiIR_SPEAKER.cpp">
      <Filter>Файлы исходного кода</Filter>
    </ClCompile>
    <ClCompile Include="source\KiIR_ROOMBA.cpp">
      <Filter>Файлы исходного кода</Filter>
    </ClCompile>
    <ClCompile Include="source\KiIR_S100.cpp">
      <Filter>Файлы исходного кода</Filter>
    </ClCompile>
    <ClCompile Include="source\KiIR_NIKON.cpp">
      <Filter>Файлы исходного кода</Filter>
    </ClCompile>
    <ClCompile Include="source\KiIR_DAIKIN.cpp">
      <Filter>Файлы исходного кода</Filter>
    </ClCompile>
  </ItemGroup>
  <ItemGroup>
    <ClInclude Include="source\KiIRAnalyzer.h">
      <Filter>Файлы исходного кода</Filter>
    </ClInclude>
    <ClInclude Include="source\KiIRAnalyzerResults.h">
      <Filter>Файлы исходного кода</Filter>
    </ClInclude>
    <ClInclude Include="source\KiIRAnalyzerSettings.h">
      <Filter>Файлы исходного кода</Filter>
    </ClInclude>
    <ClInclude Include="source\KiIRSimulationDataGenerator.h">
      <Filter>Файлы исходного кода</Filter>
    </ClInclude>
    <ClInclude Include="source\KiIRProtocolsCommon.h">
      <Filter>Файлы исходного кода</Filter>
    </ClInclude>
    <ClInclude Include="source\KiIR_NEC.h">
      <Filter>Файлы исходного кода</Filter>
    </ClInclude>
    <ClInclude Include="source\KiIR_SIRC.h">
      <Filter>Файлы исходного кода</Filter>
    </ClInclude>
    <ClInclude Include="source\KiIR_Protocols.h">
      <Filter>Файлы исходного кода</Filter>
    </ClInclude>
    <ClInclude Include="source\DebugLog.h">
      <Filter>Файлы исходного кода</Filter>
    </ClInclude>
    <ClInclude Include="source\KiIR_SHARP.h">
      <Filter>Файлы исходного кода</Filter>
    </ClInclude>
    <ClInclude Include="source\KiIR_JVC.h">
      <Filter>Файлы исходного кода</Filter>
    </ClInclude>
    <ClInclude Include="source\KiIR_RC5.h">
      <Filter>Файлы исходного кода</Filter>
    </ClInclude>
    <ClInclude Include="source\KiIR_RCA.h">
      <Filter>Файлы исходного кода</Filter>
    </ClInclude>
    <ClInclude Include="source\KiIR_NRC17.h">
      <Filter>Файлы исходного кода</Filter>
    </ClInclude>
    <ClInclude Include="source\KiIR_RC5X.h">
      <Filter>Файлы исходного кода</Filter>
    </ClInclude>
    <ClInclude Include="source\KiIR_SAMSUNG32.h">
      <Filter>Файлы исходного кода</Filter>
    </ClInclude>
    <ClInclude Include="source\KiIR_SAMSUNG48.h">
      <Filter>Файлы исходного кода</Filter>
    </ClInclude>
    <ClInclude Include="source\KiIR_PANASONIC.h">
      <Filter>Файлы исходного кода</Filter>
    </ClInclude>
    <ClInclude Include="source\KiIR_PENTAX.h">
      <Filter>Файлы исходного кода</Filter>
    </ClInclude>
    <ClInclude Include="source\KiIR_KATHREIN.h">
      <Filter>Файлы исходного кода</Filter>
    </ClInclude>
    <ClInclude Include="source\KiIR_LEGO.h">
      <Filter>Файлы исходного кода</Filter>
    </ClInclude>
    <ClInclude Include="source\KiIR_THOMSON.h">
      <Filter>Файлы исходного кода</Filter>
    </ClInclude>
    <ClInclude Include="source\KiIR_TELEFUNKEN.h">
      <Filter>Файлы исходного кода</Filter>
    </ClInclude>
    <ClInclude Include="source\KiIR_RCCAR.h">
      <Filter>Файлы исходного кода</Filter>
    </ClInclude>
    <ClInclude Include="source\KiIR_NUBERT.h">
      <Filter>Файлы исходного кода</Filter>
    </ClInclude>
    <ClInclude Include="source\KiIR_FAN.h">
      <Filter>Файлы исходного кода</Filter>
    </ClInclude>
    <ClInclude Include="source\KiIR_SPEAKER.h">
      <Filter>Файлы исходного кода</Filter>
    </ClInclude>
    <ClInclude Include="source\KiIR_ROOMBA.h">
      <Filter>Файлы исходного кода</Filter>
    </ClInclude>
    <ClInclude Include="source\KiIR_S100.h">
      <Filter>Файлы исходного кода</Filter>
    </ClInclude>
    <ClInclude Include="source\KiIR_NIKON.h">
      <Filter>Файлы исходного кода</Filter>
    </ClInclude>
    <ClInclude Include="source\KiIR_DAIKIN.h">
      <Filter>Файлы исходного кода</Filter>
    </ClInclude>
  </ItemGroup>
  <ItemGroup>
    <None Include="README.md">
      <Filter>Файлы исходного кода</Filter>
    </None>
  </ItemGroup>
</Project>